
Microsoft Visual Studio Solution File, Format Version 12.00
# Visual Studio Version 17
VisualStudioVersion = 17.13.35825.156
MinimumVisualStudioVersion = 10.0.40219.1
Project("{FAE04EC0-301F-11D3-BF4B-00C04F79EFBC}") = "TaskManagement.API", "src\TaskManagement.API\TaskManagement.API.csproj", "{B4CDE7A2-FFA6-3E3A-1A77-776589C98A7E}"
EndProject
Project("{FAE04EC0-301F-11D3-BF4B-00C04F79EFBC}") = "TaskManagement.Tests", "src\TaskManagement.Tests\TaskManagement.Tests.csproj", "{C44B86CF-98E2-4C09-93DB-411441531C33}"
EndProject
Global
	GlobalSection(SolutionConfigurationPlatforms) = preSolution
		Debug|Any CPU = Debug|Any CPU
		Release|Any CPU = Release|Any CPU
	EndGlobalSection
	GlobalSection(ProjectConfigurationPlatforms) = postSolution
		{B4CDE7A2-FFA6-3E3A-1A77-776589C98A7E}.Debug|Any CPU.ActiveCfg = Debug|Any CPU
		{B4CDE7A2-FFA6-3E3A-1A77-776589C98A7E}.Debug|Any CPU.Build.0 = Debug|Any CPU
		{B4CDE7A2-FFA6-3E3A-1A77-776589C98A7E}.Release|Any CPU.ActiveCfg = Release|Any CPU
		{B4CDE7A2-FFA6-3E3A-1A77-776589C98A7E}.Release|Any CPU.Build.0 = Release|Any CPU
		{C44B86CF-98E2-4C09-93DB-411441531C33}.Debug|Any CPU.ActiveCfg = Debug|Any CPU
		{C44B86CF-98E2-4C09-93DB-411441531C33}.Debug|Any CPU.Build.0 = Debug|Any CPU
		{C44B86CF-98E2-4C09-93DB-411441531C33}.Release|Any CPU.ActiveCfg = Release|Any CPU
		{C44B86CF-98E2-4C09-93DB-411441531C33}.Release|Any CPU.Build.0 = Release|Any CPU
	EndGlobalSection
	GlobalSection(SolutionProperties) = preSolution
		HideSolutionNode = FALSE
	EndGlobalSection
	GlobalSection(ExtensibilityGlobals) = postSolution
		SolutionGuid = {16AB4B45-7A5D-4ACC-BEC7-814E67EC5B44}
	EndGlobalSection
EndGlobal
